
Microsoft Visual Studio Solution File, Format Version 12.00
# Visual Studio Version 16
VisualStudioVersion = 16.0.29409.12
MinimumVisualStudioVersion = 10.0.40219.1
Project("{FAE04EC0-301F-11D3-BF4B-00C04F79EFBC}") = "HexaKitchen.API", "HexaKitchen.API\HexaKitchen.API.csproj", "{3E478134-2913-479D-BD95-024126C9692E}"
EndProject
Global
	GlobalSection(SolutionConfigurationPlatforms) = preSolution
		Debug|Any CPU = Debug|Any CPU
		Release|Any CPU = Release|Any CPU
	EndGlobalSection
	GlobalSection(ProjectConfigurationPlatforms) = postSolution
		{3E478134-2913-479D-BD95-024126C9692E}.Debug|Any CPU.ActiveCfg = Debug|Any CPU
		{3E478134-2913-479D-BD95-024126C9692E}.Debug|Any CPU.Build.0 = Debug|Any CPU
		{3E478134-2913-479D-BD95-024126C9692E}.Release|Any CPU.ActiveCfg = Release|Any CPU
		{3E478134-2913-479D-BD95-024126C9692E}.Release|Any CPU.Build.0 = Release|Any CPU
	EndGlobalSection
	GlobalSection(SolutionProperties) = preSolution
		HideSolutionNode = FALSE
	EndGlobalSection
	GlobalSection(ExtensibilityGlobals) = postSolution
		SolutionGuid = {CB5B3006-0075-431C-ACF0-4A57837B82EB}
	EndGlobalSection
EndGlobal
